// !$*UTF8*$!
{
	archiveVersion = 1;
	classes = {
	};
	objectVersion = 45;
	objects = {

/* Begin PBXBuildFile section */
		1D3623260D0F684500981E51 /* TomatoClockAppDelegate.m in Sources */ = {isa = PBXBuildFile; fileRef = 1D3623250D0F684500981E51 /* TomatoClockAppDelegate.m */; };
		1D60589B0D05DD56006BFB54 /* main.m in Sources */ = {isa = PBXBuildFile; fileRef = 29B97316FDCFA39411CA2CEA /* main.m */; };
		1D60589F0D05DD5A006BFB54 /* Foundation.framework in Frameworks */ = {isa = PBXBuildFile; fileRef = 1D30AB110D05D00D00671497 /* Foundation.framework */; };
		1DF5F4E00D08C38300B7A737 /* UIKit.framework in Frameworks */ = {isa = PBXBuildFile; fileRef = 1DF5F4DF0D08C38300B7A737 /* UIKit.framework */; };
		288765FD0DF74451002DB57D /* CoreGraphics.framework in Frameworks */ = {isa = PBXBuildFile; fileRef = 288765FC0DF74451002DB57D /* CoreGraphics.framework */; };
		28AD733F0D9D9553002E5188 /* MainWindow.xib in Resources */ = {isa = PBXBuildFile; fileRef = 28AD733E0D9D9553002E5188 /* MainWindow.xib */; };
		4788542C10F2E5F900185FE5 /* Picture 1.png in Resources */ = {isa = PBXBuildFile; fileRef = 4788542510F2E5F900185FE5 /* Picture 1.png */; };
		478AA0B810E3118200376337 /* AudioToolbox.framework in Frameworks */ = {isa = PBXBuildFile; fileRef = 478AA0B710E3118200376337 /* AudioToolbox.framework */; };
		47A3410610EC5CC900DB803F /* TomatoList.xib in Resources */ = {isa = PBXBuildFile; fileRef = 47A3410510EC5CC900DB803F /* TomatoList.xib */; };
		47A3414710EC66C600DB803F /* libsqlite3.0.dylib in Frameworks */ = {isa = PBXBuildFile; fileRef = 47A3414610EC66C600DB803F /* libsqlite3.0.dylib */; };
		47A3447010ECBF4600DB803F /* libsqlite3.0.dylib in Frameworks */ = {isa = PBXBuildFile; fileRef = 47A3446F10ECBF4600DB803F /* libsqlite3.0.dylib */; };
		47A6D14810F446A100158452 /* Meet.png in Resources */ = {isa = PBXBuildFile; fileRef = 47A6D14710F446A100158452 /* Meet.png */; };
		47A6D18110F44BF300158452 /* Picture 2.png in Resources */ = {isa = PBXBuildFile; fileRef = 47A6D18010F44BF300158452 /* Picture 2.png */; };
		47A6D18C10F44C7500158452 /* Break.png in Resources */ = {isa = PBXBuildFile; fileRef = 47A6D18B10F44C7500158452 /* Break.png */; };
		47A6D1A410F4554500158452 /* Checked.png in Resources */ = {isa = PBXBuildFile; fileRef = 47A6D1A310F4554500158452 /* Checked.png */; };
		47A6D1A610F4554A00158452 /* Unchecked.png in Resources */ = {isa = PBXBuildFile; fileRef = 47A6D1A510F4554A00158452 /* Unchecked.png */; };
		47A6D1FA10F45C7C00158452 /* End.png in Resources */ = {isa = PBXBuildFile; fileRef = 47A6D1F910F45C7C00158452 /* End.png */; };
		47BD6CE410E1F65100F5E4CD /* Tomatoview.m in Sources */ = {isa = PBXBuildFile; fileRef = 47BD6CE310E1F65100F5E4CD /* Tomatoview.m */; };
		47F6C98210F5F0610049FF57 /* clapping-crowd-studio-01.caf in Resources */ = {isa = PBXBuildFile; fileRef = 47F6C98110F5F0610049FF57 /* clapping-crowd-studio-01.caf */; };
		47F6C98410F5F0660049FF57 /* Start.caf in Resources */ = {isa = PBXBuildFile; fileRef = 47F6C98310F5F0660049FF57 /* Start.caf */; };
		47F6C9A610F5F3B70049FF57 /* Back.png in Resources */ = {isa = PBXBuildFile; fileRef = 47F6C9A510F5F3B70049FF57 /* Back.png */; };
		47F6C9A810F5F3C00049FF57 /* Done.png in Resources */ = {isa = PBXBuildFile; fileRef = 47F6C9A710F5F3C00049FF57 /* Done.png */; };
		47F6C9AA10F5F3C90049FF57 /* info1.png in Resources */ = {isa = PBXBuildFile; fileRef = 47F6C9A910F5F3C90049FF57 /* info1.png */; };
		47F6C9AC10F5F9AA0049FF57 /* Icon.png in Resources */ = {isa = PBXBuildFile; fileRef = 47F6C9AB10F5F9AA0049FF57 /* Icon.png */; };
		47F6C9AF10F5FAC70049FF57 /* Introduction.m in Sources */ = {isa = PBXBuildFile; fileRef = 47F6C9AD10F5FAC70049FF57 /* Introduction.m */; };
		47F6C9B010F5FAC70049FF57 /* Introduction.h in Headers */ = {isa = PBXBuildFile; fileRef = 47F6C9AE10F5FAC70049FF57 /* Introduction.h */; };
		47F6C9B210F5FAD10049FF57 /* Introduction.xib in Resources */ = {isa = PBXBuildFile; fileRef = 47F6C9B110F5FAD10049FF57 /* Introduction.xib */; };
		47F6C9B510F5FDE90049FF57 /* About.h in Headers */ = {isa = PBXBuildFile; fileRef = 47F6C9B310F5FDE90049FF57 /* About.h */; };
		47F6C9B610F5FDE90049FF57 /* About.m in Sources */ = {isa = PBXBuildFile; fileRef = 47F6C9B410F5FDE90049FF57 /* About.m */; };
		47F6C9BD10F600EA0049FF57 /* About.xib in Resources */ = {isa = PBXBuildFile; fileRef = 47F6C9BC10F600EA0049FF57 /* About.xib */; };
		47F6C9CD10F6037F0049FF57 /* Tomatoview.xib in Resources */ = {isa = PBXBuildFile; fileRef = 47F6C9CC10F6037F0049FF57 /* Tomatoview.xib */; };
/* End PBXBuildFile section */

/* Begin PBXFileReference section */
		1D30AB110D05D00D00671497 /* Foundation.framework */ = {isa = PBXFileReference; lastKnownFileType = wrapper.framework; name = Foundation.framework; path = System/Library/Frameworks/Foundation.framework; sourceTree = SDKROOT; };
		1D3623240D0F684500981E51 /* TomatoClockAppDelegate.h */ = {isa = PBXFileReference; fileEncoding = 4; lastKnownFileType = sourcecode.c.h; path = TomatoClockAppDelegate.h; sourceTree = "<group>"; };
		1D3623250D0F684500981E51 /* TomatoClockAppDelegate.m */ = {isa = PBXFileReference; fileEncoding = 4; lastKnownFileType = sourcecode.c.objc; path = TomatoClockAppDelegate.m; sourceTree = "<group>"; };
		1D6058910D05DD3D006BFB54 /* TomatoClock.app */ = {isa = PBXFileReference; explicitFileType = wrapper.application; includeInIndex = 0; path = TomatoClock.app; sourceTree = BUILT_PRODUCTS_DIR; };
		1DF5F4DF0D08C38300B7A737 /* UIKit.framework */ = {isa = PBXFileReference; lastKnownFileType = wrapper.framework; name = UIKit.framework; path = System/Library/Frameworks/UIKit.framework; sourceTree = SDKROOT; };
		288765FC0DF74451002DB57D /* CoreGraphics.framework */ = {isa = PBXFileReference; lastKnownFileType = wrapper.framework; name = CoreGraphics.framework; path = System/Library/Frameworks/CoreGraphics.framework; sourceTree = SDKROOT; };
		28AD733E0D9D9553002E5188 /* MainWindow.xib */ = {isa = PBXFileReference; lastKnownFileType = file.xib; path = MainWindow.xib; sourceTree = "<group>"; };
		29B97316FDCFA39411CA2CEA /* main.m */ = {isa = PBXFileReference; fileEncoding = 4; lastKnownFileType = sourcecode.c.objc; path = main.m; sourceTree = "<group>"; };
		32CA4F630368D1EE00C91783 /* TomatoClock_Prefix.pch */ = {isa = PBXFileReference; fileEncoding = 4; lastKnownFileType = sourcecode.c.h; path = TomatoClock_Prefix.pch; sourceTree = "<group>"; };
		4788542510F2E5F900185FE5 /* Picture 1.png */ = {isa = PBXFileReference; lastKnownFileType = image.png; path = "Picture 1.png"; sourceTree = "<group>"; };
		478AA0B710E3118200376337 /* AudioToolbox.framework */ = {isa = PBXFileReference; lastKnownFileType = wrapper.framework; name = AudioToolbox.framework; path = /System/Library/Frameworks/AudioToolbox.framework; sourceTree = "<absolute>"; };
		47A3410510EC5CC900DB803F /* TomatoList.xib */ = {isa = PBXFileReference; lastKnownFileType = file.xib; path = TomatoList.xib; sourceTree = "<group>"; };
		47A3414610EC66C600DB803F /* libsqlite3.0.dylib */ = {isa = PBXFileReference; explicitFileType = "compiled.mach-o.dylib"; name = libsqlite3.0.dylib; path = /opt/local/lib/libsqlite3.0.dylib; sourceTree = "<absolute>"; };
		47A3446F10ECBF4600DB803F /* libsqlite3.0.dylib */ = {isa = PBXFileReference; lastKnownFileType = "compiled.mach-o.dylib"; path = libsqlite3.0.dylib; sourceTree = "<group>"; };
		47A6D14710F446A100158452 /* Meet.png */ = {isa = PBXFileReference; lastKnownFileType = image.png; path = Meet.png; sourceTree = "<group>"; };
		47A6D18010F44BF300158452 /* Picture 2.png */ = {isa = PBXFileReference; lastKnownFileType = image.png; path = "Picture 2.png"; sourceTree = "<group>"; };
		47A6D18B10F44C7500158452 /* Break.png */ = {isa = PBXFileReference; lastKnownFileType = image.png; path = Break.png; sourceTree = "<group>"; };
		47A6D1A310F4554500158452 /* Checked.png */ = {isa = PBXFileReference; lastKnownFileType = image.png; path = Checked.png; sourceTree = "<group>"; };
		47A6D1A510F4554A00158452 /* Unchecked.png */ = {isa = PBXFileReference; lastKnownFileType = image.png; path = Unchecked.png; sourceTree = "<group>"; };
		47A6D1F910F45C7C00158452 /* End.png */ = {isa = PBXFileReference; lastKnownFileType = image.png; path = End.png; sourceTree = "<group>"; };
		47BD6CE210E1F65100F5E4CD /* Tomatoview.h */ = {isa = PBXFileReference; fileEncoding = 4; lastKnownFileType = sourcecode.c.h; path = Tomatoview.h; sourceTree = "<group>"; };
		47BD6CE310E1F65100F5E4CD /* Tomatoview.m */ = {isa = PBXFileReference; fileEncoding = 4; lastKnownFileType = sourcecode.c.objc; path = Tomatoview.m; sourceTree = "<group>"; };
		47BD6CE610E1F67700F5E4CD /* English */ = {isa = PBXFileReference; lastKnownFileType = file.xib; name = English; path = English.lproj/Tomatoview.xib; sourceTree = "<group>"; };
		47F6C98110F5F0610049FF57 /* clapping-crowd-studio-01.caf */ = {isa = PBXFileReference; lastKnownFileType = file; path = "clapping-crowd-studio-01.caf"; sourceTree = "<group>"; };
		47F6C98310F5F0660049FF57 /* Start.caf */ = {isa = PBXFileReference; lastKnownFileType = file; path = Start.caf; sourceTree = "<group>"; };
		47F6C9A510F5F3B70049FF57 /* Back.png */ = {isa = PBXFileReference; lastKnownFileType = image.png; path = Back.png; sourceTree = "<group>"; };
		47F6C9A710F5F3C00049FF57 /* Done.png */ = {isa = PBXFileReference; lastKnownFileType = image.png; path = Done.png; sourceTree = "<group>"; };
		47F6C9A910F5F3C90049FF57 /* info1.png */ = {isa = PBXFileReference; lastKnownFileType = image.png; path = info1.png; sourceTree = "<group>"; };
		47F6C9AB10F5F9AA0049FF57 /* Icon.png */ = {isa = PBXFileReference; lastKnownFileType = image.png; path = Icon.png; sourceTree = "<group>"; };
		47F6C9AD10F5FAC70049FF57 /* Introduction.m */ = {isa = PBXFileReference; fileEncoding = 4; lastKnownFileType = sourcecode.c.objc; path = Introduction.m; sourceTree = "<group>"; };
		47F6C9AE10F5FAC70049FF57 /* Introduction.h */ = {isa = PBXFileReference; fileEncoding = 4; lastKnownFileType = sourcecode.c.h; path = Introduction.h; sourceTree = "<group>"; };
		47F6C9B110F5FAD10049FF57 /* Introduction.xib */ = {isa = PBXFileReference; lastKnownFileType = file.xib; path = Introduction.xib; sourceTree = "<group>"; };
		47F6C9B310F5FDE90049FF57 /* About.h */ = {isa = PBXFileReference; fileEncoding = 4; lastKnownFileType = sourcecode.c.h; path = About.h; sourceTree = "<group>"; };
		47F6C9B410F5FDE90049FF57 /* About.m */ = {isa = PBXFileReference; fileEncoding = 4; lastKnownFileType = sourcecode.c.objc; path = About.m; sourceTree = "<group>"; };
		47F6C9B810F5FE4D0049FF57 /* English */ = {isa = PBXFileReference; lastKnownFileType = file.xib; name = English; path = English.lproj/About.xib; sourceTree = "<group>"; };
		47F6C9BE10F600F40049FF57 /* French */ = {isa = PBXFileReference; lastKnownFileType = file.xib; name = French; path = French.lproj/About.xib; sourceTree = "<group>"; };
		47F6C9BF10F600FB0049FF57 /* Japanese */ = {isa = PBXFileReference; lastKnownFileType = file.xib; name = Japanese; path = Japanese.lproj/About.xib; sourceTree = "<group>"; };
		47F6C9CE10F603870049FF57 /* French */ = {isa = PBXFileReference; lastKnownFileType = file.xib; name = French; path = French.lproj/Tomatoview.xib; sourceTree = "<group>"; };
		47F6C9CF10F6038B0049FF57 /* Japanese */ = {isa = PBXFileReference; lastKnownFileType = file.xib; name = Japanese; path = Japanese.lproj/Tomatoview.xib; sourceTree = "<group>"; };
		8D1107310486CEB800E47090 /* Info.plist */ = {isa = PBXFileReference; fileEncoding = 4; lastKnownFileType = text.plist.xml; path = Info.plist; sourceTree = "<group>"; };
/* End PBXFileReference section */

/* Begin PBXFrameworksBuildPhase section */
		1D60588F0D05DD3D006BFB54 /* Frameworks */ = {
			isa = PBXFrameworksBuildPhase;
			buildActionMask = 2147483647;
			files = (
				1D60589F0D05DD5A006BFB54 /* Foundation.framework in Frameworks */,
				1DF5F4E00D08C38300B7A737 /* UIKit.framework in Frameworks */,
				288765FD0DF74451002DB57D /* CoreGraphics.framework in Frameworks */,
				478AA0B810E3118200376337 /* AudioToolbox.framework in Frameworks */,
				47A3414710EC66C600DB803F /* libsqlite3.0.dylib in Frameworks */,
				47A3447010ECBF4600DB803F /* libsqlite3.0.dylib in Frameworks */,
			);
			runOnlyForDeploymentPostprocessing = 0;
		};
/* End PBXFrameworksBuildPhase section */

/* Begin PBXGroup section */
		080E96DDFE201D6D7F000001 /* Classes */ = {
			isa = PBXGroup;
			children = (
				47F6C9B310F5FDE90049FF57 /* About.h */,
				47F6C9B410F5FDE90049FF57 /* About.m */,
				47F6C9AD10F5FAC70049FF57 /* Introduction.m */,
				47F6C9AE10F5FAC70049FF57 /* Introduction.h */,
				1D3623240D0F684500981E51 /* TomatoClockAppDelegate.h */,
				1D3623250D0F684500981E51 /* TomatoClockAppDelegate.m */,
				47BD6CE210E1F65100F5E4CD /* Tomatoview.h */,
				47BD6CE310E1F65100F5E4CD /* Tomatoview.m */,
			);
			path = Classes;
			sourceTree = "<group>";
		};
		19C28FACFE9D520D11CA2CBB /* Products */ = {
			isa = PBXGroup;
			children = (
				1D6058910D05DD3D006BFB54 /* TomatoClock.app */,
			);
			name = Products;
			sourceTree = "<group>";
		};
		29B97314FDCFA39411CA2CEA /* CustomTemplate */ = {
			isa = PBXGroup;
			children = (
				4788545110F2E8B200185FE5 /* Media */,
				080E96DDFE201D6D7F000001 /* Classes */,
				29B97315FDCFA39411CA2CEA /* Other Sources */,
				29B97317FDCFA39411CA2CEA /* Resources */,
				29B97323FDCFA39411CA2CEA /* Frameworks */,
				19C28FACFE9D520D11CA2CBB /* Products */,
			);
			name = CustomTemplate;
			sourceTree = "<group>";
		};
		29B97315FDCFA39411CA2CEA /* Other Sources */ = {
			isa = PBXGroup;
			children = (
				32CA4F630368D1EE00C91783 /* TomatoClock_Prefix.pch */,
				29B97316FDCFA39411CA2CEA /* main.m */,
			);
			name = "Other Sources";
			sourceTree = "<group>";
		};
		29B97317FDCFA39411CA2CEA /* Resources */ = {
			isa = PBXGroup;
			children = (
				47F6C9B110F5FAD10049FF57 /* Introduction.xib */,
				28AD733E0D9D9553002E5188 /* MainWindow.xib */,
				8D1107310486CEB800E47090 /* Info.plist */,
				47F6C9CC10F6037F0049FF57 /* Tomatoview.xib */,
				47A3410510EC5CC900DB803F /* TomatoList.xib */,
				47F6C9BC10F600EA0049FF57 /* About.xib */,
			);
			name = Resources;
			sourceTree = "<group>";
		};
		29B97323FDCFA39411CA2CEA /* Frameworks */ = {
			isa = PBXGroup;
			children = (
				47A3446F10ECBF4600DB803F /* libsqlite3.0.dylib */,
				47A3414610EC66C600DB803F /* libsqlite3.0.dylib */,
				288765FC0DF74451002DB57D /* CoreGraphics.framework */,
				478AA0B710E3118200376337 /* AudioToolbox.framework */,
				1DF5F4DF0D08C38300B7A737 /* UIKit.framework */,
				1D30AB110D05D00D00671497 /* Foundation.framework */,
			);
			name = Frameworks;
			sourceTree = "<group>";
		};
		478853FE10F2E50700185FE5 /* Audio */ = {
			isa = PBXGroup;
			children = (
				47F6C98310F5F0660049FF57 /* Start.caf */,
				47F6C98110F5F0610049FF57 /* clapping-crowd-studio-01.caf */,
			);
			name = Audio;
			sourceTree = "<group>";
		};
		4788540410F2E53200185FE5 /* Video */ = {
			isa = PBXGroup;
			children = (
			);
			path = Video;
			sourceTree = "<group>";
		};
		4788540D10F2E53200185FE5 /* Icons */ = {
			isa = PBXGroup;
			children = (
				47F6C9AB10F5F9AA0049FF57 /* Icon.png */,
			);
			path = Icons;
			sourceTree = "<group>";
		};
		4788541F10F2E5F900185FE5 /* Images */ = {
			isa = PBXGroup;
			children = (
				47F6C9A910F5F3C90049FF57 /* info1.png */,
				47F6C9A710F5F3C00049FF57 /* Done.png */,
				47F6C9A510F5F3B70049FF57 /* Back.png */,
				47A6D1F910F45C7C00158452 /* End.png */,
				47A6D1A510F4554A00158452 /* Unchecked.png */,
				47A6D1A310F4554500158452 /* Checked.png */,
				47A6D18B10F44C7500158452 /* Break.png */,
				47A6D18010F44BF300158452 /* Picture 2.png */,
				47A6D14710F446A100158452 /* Meet.png */,
				4788542510F2E5F900185FE5 /* Picture 1.png */,
			);
			path = Images;
			sourceTree = "<group>";
		};
		4788545110F2E8B200185FE5 /* Media */ = {
			isa = PBXGroup;
			children = (
				4788540410F2E53200185FE5 /* Video */,
				4788540D10F2E53200185FE5 /* Icons */,
				4788541F10F2E5F900185FE5 /* Images */,
				478853FE10F2E50700185FE5 /* Audio */,
			);
			name = Media;
			sourceTree = "<group>";
		};
/* End PBXGroup section */

/* Begin PBXHeadersBuildPhase section */
		47218B1D10F2061200FDB3D3 /* Headers */ = {
			isa = PBXHeadersBuildPhase;
			buildActionMask = 2147483647;
			files = (
				47F6C9B010F5FAC70049FF57 /* Introduction.h in Headers */,
				47F6C9B510F5FDE90049FF57 /* About.h in Headers */,
			);
			runOnlyForDeploymentPostprocessing = 0;
		};
/* End PBXHeadersBuildPhase section */

/* Begin PBXNativeTarget section */
		1D6058900D05DD3D006BFB54 /* TomatoClock */ = {
			isa = PBXNativeTarget;
			buildConfigurationList = 1D6058960D05DD3E006BFB54 /* Build configuration list for PBXNativeTarget "TomatoClock" */;
			buildPhases = (
				1D60588D0D05DD3D006BFB54 /* Resources */,
				1D60588E0D05DD3D006BFB54 /* Sources */,
				1D60588F0D05DD3D006BFB54 /* Frameworks */,
				47218B1D10F2061200FDB3D3 /* Headers */,
			);
			buildRules = (
			);
			dependencies = (
			);
			name = TomatoClock;
			productName = TomatoClock;
			productReference = 1D6058910D05DD3D006BFB54 /* TomatoClock.app */;
			productType = "com.apple.product-type.application";
		};
/* End PBXNativeTarget section */

/* Begin PBXProject section */
		29B97313FDCFA39411CA2CEA /* Project object */ = {
			isa = PBXProject;
			buildConfigurationList = C01FCF4E08A954540054247B /* Build configuration list for PBXProject "TomatoClock" */;
			compatibilityVersion = "Xcode 3.1";
			hasScannedForEncodings = 1;
			mainGroup = 29B97314FDCFA39411CA2CEA /* CustomTemplate */;
			projectDirPath = "";
			projectRoot = "";
			targets = (
				1D6058900D05DD3D006BFB54 /* TomatoClock */,
			);
		};
/* End PBXProject section */

/* Begin PBXResourcesBuildPhase section */
		1D60588D0D05DD3D006BFB54 /* Resources */ = {
			isa = PBXResourcesBuildPhase;
			buildActionMask = 2147483647;
			files = (
				28AD733F0D9D9553002E5188 /* MainWindow.xib in Resources */,
				47F6C9CD10F6037F0049FF57 /* Tomatoview.xib in Resources */,
				47A3410610EC5CC900DB803F /* TomatoList.xib in Resources */,
				4788542C10F2E5F900185FE5 /* Picture 1.png in Resources */,
				47A6D14810F446A100158452 /* Meet.png in Resources */,
				47A6D18110F44BF300158452 /* Picture 2.png in Resources */,
				47A6D18C10F44C7500158452 /* Break.png in Resources */,
				47A6D1A410F4554500158452 /* Checked.png in Resources */,
				47A6D1A610F4554A00158452 /* Unchecked.png in Resources */,
				47A6D1FA10F45C7C00158452 /* End.png in Resources */,
				47F6C98210F5F0610049FF57 /* clapping-crowd-studio-01.caf in Resources */,
				47F6C98410F5F0660049FF57 /* Start.caf in Resources */,
				47F6C9A610F5F3B70049FF57 /* Back.png in Resources */,
				47F6C9A810F5F3C00049FF57 /* Done.png in Resources */,
				47F6C9AA10F5F3C90049FF57 /* info1.png in Resources */,
				47F6C9AC10F5F9AA0049FF57 /* Icon.png in Resources */,
				47F6C9B210F5FAD10049FF57 /* Introduction.xib in Resources */,
				47F6C9BD10F600EA0049FF57 /* About.xib in Resources */,
			);
			runOnlyForDeploymentPostprocessing = 0;
		};
/* End PBXResourcesBuildPhase section */

/* Begin PBXSourcesBuildPhase section */
		1D60588E0D05DD3D006BFB54 /* Sources */ = {
			isa = PBXSourcesBuildPhase;
			buildActionMask = 2147483647;
			files = (
				1D60589B0D05DD56006BFB54 /* main.m in Sources */,
				1D3623260D0F684500981E51 /* TomatoClockAppDelegate.m in Sources */,
				47BD6CE410E1F65100F5E4CD /* Tomatoview.m in Sources */,
				47F6C9AF10F5FAC70049FF57 /* Introduction.m in Sources */,
				47F6C9B610F5FDE90049FF57 /* About.m in Sources */,
			);
			runOnlyForDeploymentPostprocessing = 0;
		};
/* End PBXSourcesBuildPhase section */

/* Begin PBXVariantGroup section */
		47F6C9BC10F600EA0049FF57 /* About.xib */ = {
			isa = PBXVariantGroup;
			children = (
				47F6C9B810F5FE4D0049FF57 /* English */,
				47F6C9BE10F600F40049FF57 /* French */,
				47F6C9BF10F600FB0049FF57 /* Japanese */,
			);
			name = About.xib;
			sourceTree = "<group>";
		};
		47F6C9CC10F6037F0049FF57 /* Tomatoview.xib */ = {
			isa = PBXVariantGroup;
			children = (
				47BD6CE610E1F67700F5E4CD /* English */,
				47F6C9CE10F603870049FF57 /* French */,
				47F6C9CF10F6038B0049FF57 /* Japanese */,
			);
			name = Tomatoview.xib;
			sourceTree = "<group>";
		};
/* End PBXVariantGroup section */

/* Begin XCBuildConfiguration section */
		1D6058940D05DD3E006BFB54 /* Debug */ = {
			isa = XCBuildConfiguration;
			buildSettings = {
				ALWAYS_SEARCH_USER_PATHS = NO;
				COPY_PHASE_STRIP = NO;
				GCC_DYNAMIC_NO_PIC = NO;
				GCC_OPTIMIZATION_LEVEL = 0;
				GCC_PRECOMPILE_PREFIX_HEADER = YES;
				GCC_PREFIX_HEADER = TomatoClock_Prefix.pch;
				INFOPLIST_FILE = Info.plist;
				LIBRARY_SEARCH_PATHS = (
					"$(inherited)",
					/opt/local/lib,
					"\"$(SRCROOT)\"",
				);
				PRODUCT_NAME = TomatoClock;
			};
			name = Debug;
		};
		1D6058950D05DD3E006BFB54 /* Release */ = {
			isa = XCBuildConfiguration;
			buildSettings = {
				ALWAYS_SEARCH_USER_PATHS = NO;
				COPY_PHASE_STRIP = YES;
				GCC_PRECOMPILE_PREFIX_HEADER = YES;
				GCC_PREFIX_HEADER = TomatoClock_Prefix.pch;
				INFOPLIST_FILE = Info.plist;
				LIBRARY_SEARCH_PATHS = (
					"$(inherited)",
					/opt/local/lib,
					"\"$(SRCROOT)\"",
				);
				PRODUCT_NAME = TomatoClock;
			};
			name = Release;
		};
		C01FCF4F08A954540054247B /* Debug */ = {
			isa = XCBuildConfiguration;
			buildSettings = {
				ARCHS = "$(ARCHS_STANDARD_32_BIT)";
				"CODE_SIGN_IDENTITY[sdk=iphoneos*]" = "iPhone Developer";
				GCC_C_LANGUAGE_STANDARD = c99;
				GCC_WARN_ABOUT_RETURN_TYPE = YES;
				GCC_WARN_UNUSED_VARIABLE = YES;
				ONLY_ACTIVE_ARCH = YES;
				PREBINDING = NO;
				SDKROOT = iphoneos2.1;
			};
			name = Debug;
		};
		C01FCF5008A954540054247B /* Release */ = {
			isa = XCBuildConfiguration;
			buildSettings = {
				ARCHS = "$(ARCHS_STANDARD_32_BIT)";
				"CODE_SIGN_IDENTITY[sdk=iphoneos*]" = "iPhone Developer";
				GCC_C_LANGUAGE_STANDARD = c99;
				GCC_WARN_ABOUT_RETURN_TYPE = YES;
				GCC_WARN_UNUSED_VARIABLE = YES;
				PREBINDING = NO;
				SDKROOT = iphoneos2.1;
			};
			name = Release;
		};
/* End XCBuildConfiguration section */

/* Begin XCConfigurationList section */
		1D6058960D05DD3E006BFB54 /* Build configuration list for PBXNativeTarget "TomatoClock" */ = {
			isa = XCConfigurationList;
			buildConfigurations = (
				1D6058940D05DD3E006BFB54 /* Debug */,
				1D6058950D05DD3E006BFB54 /* Release */,
			);
			defaultConfigurationIsVisible = 0;
			defaultConfigurationName = Release;
		};
		C01FCF4E08A954540054247B /* Build configuration list for PBXProject "TomatoClock" */ = {
			isa = XCConfigurationList;
			buildConfigurations = (
				C01FCF4F08A954540054247B /* Debug */,
				C01FCF5008A954540054247B /* Release */,
			);
			defaultConfigurationIsVisible = 0;
			defaultConfigurationName = Release;
		};
/* End XCConfigurationList section */
	};
	rootObject = 29B97313FDCFA39411CA2CEA /* Project object */;
}
